// !$*UTF8*$!
{
	archiveVersion = 1;
	classes = {
	};
	objectVersion = 55;
	objects = {

/* Begin PBXBuildFile section */
		168C8C36289027C80047A85B /* LocationManager.swift in Sources */ = {isa = PBXBuildFile; fileRef = 168C8C35289027C80047A85B /* LocationManager.swift */; };
		169D8CD4288F43C30041A36F /* CadastroViewController.swift in Sources */ = {isa = PBXBuildFile; fileRef = 169D8CD3288F43C30041A36F /* CadastroViewController.swift */; };
		169D8CD6288F5B440041A36F /* AdicionarEnderecoViewController.swift in Sources */ = {isa = PBXBuildFile; fileRef = 169D8CD5288F5B440041A36F /* AdicionarEnderecoViewController.swift */; };
		169D8CD8288F5F800041A36F /* AuxAdicionarEnderecoViewController.swift in Sources */ = {isa = PBXBuildFile; fileRef = 169D8CD7288F5F800041A36F /* AuxAdicionarEnderecoViewController.swift */; };
		16A29CC42889B0C500AD61AF /* AcaoEscolhida.swift in Sources */ = {isa = PBXBuildFile; fileRef = 16A29CC32889B0C500AD61AF /* AcaoEscolhida.swift */; };
		16A29CC62889B75F00AD61AF /* DepositoViewModel.swift in Sources */ = {isa = PBXBuildFile; fileRef = 16A29CC52889B75F00AD61AF /* DepositoViewModel.swift */; };
		16A29CC8288A2C1600AD61AF /* AtualizaOuAdicionaDepositoViewModel.swift in Sources */ = {isa = PBXBuildFile; fileRef = 16A29CC7288A2C1600AD61AF /* AtualizaOuAdicionaDepositoViewModel.swift */; };
		16A29CCA288A2C2900AD61AF /* AtualizaOuAdicionaUsuarioViewModel.swift in Sources */ = {isa = PBXBuildFile; fileRef = 16A29CC9288A2C2900AD61AF /* AtualizaOuAdicionaUsuarioViewModel.swift */; };
		16A6659A288C3A200011B8C4 /* LoginViewController.swift in Sources */ = {isa = PBXBuildFile; fileRef = 16A66599288C3A200011B8C4 /* LoginViewController.swift */; };
		16CA423A287F42090046C98C /* AppDelegate.swift in Sources */ = {isa = PBXBuildFile; fileRef = 16CA4239287F42090046C98C /* AppDelegate.swift */; };
		16CA423C287F42090046C98C /* SceneDelegate.swift in Sources */ = {isa = PBXBuildFile; fileRef = 16CA423B287F42090046C98C /* SceneDelegate.swift */; };
		16CA423E287F42090046C98C /* MainViewController.swift in Sources */ = {isa = PBXBuildFile; fileRef = 16CA423D287F42090046C98C /* MainViewController.swift */; };
		16CA4241287F42090046C98C /* Main.storyboard in Resources */ = {isa = PBXBuildFile; fileRef = 16CA423F287F42090046C98C /* Main.storyboard */; };
		16CA4243287F420C0046C98C /* Assets.xcassets in Resources */ = {isa = PBXBuildFile; fileRef = 16CA4242287F420C0046C98C /* Assets.xcassets */; };
		16CA4246287F420C0046C98C /* LaunchScreen.storyboard in Resources */ = {isa = PBXBuildFile; fileRef = 16CA4244287F420C0046C98C /* LaunchScreen.storyboard */; };
		16CA4251287F43600046C98C /* UsuarioMD.swift in Sources */ = {isa = PBXBuildFile; fileRef = 16CA4250287F43600046C98C /* UsuarioMD.swift */; };
		16CA4254287F47350046C98C /* DepositoMD.swift in Sources */ = {isa = PBXBuildFile; fileRef = 16CA4253287F47350046C98C /* DepositoMD.swift */; };
		16CA42572880F9B00046C98C /* ListaDepositosTableViewCell.swift in Sources */ = {isa = PBXBuildFile; fileRef = 16CA42562880F9B00046C98C /* ListaDepositosTableViewCell.swift */; };
		16CC824D288957CD0007D3F0 /* UsuarioViewModel.swift in Sources */ = {isa = PBXBuildFile; fileRef = 16CC824C288957CD0007D3F0 /* UsuarioViewModel.swift */; };
		16CC82502889591F0007D3F0 /* Constantes.swift in Sources */ = {isa = PBXBuildFile; fileRef = 16CC824F2889591F0007D3F0 /* Constantes.swift */; };
		16CC825228895AE70007D3F0 /* ClienteHTTP.swift in Sources */ = {isa = PBXBuildFile; fileRef = 16CC825128895AE70007D3F0 /* ClienteHTTP.swift */; };
		A9575A3DDBB92D23749439D2 /* Pods_NanoChallenge_6.framework in Frameworks */ = {isa = PBXBuildFile; fileRef = 5323221194C07A57E8B000C2 /* Pods_NanoChallenge_6.framework */; };
/* End PBXBuildFile section */

/* Begin PBXFileReference section */
		168C8C35289027C80047A85B /* LocationManager.swift */ = {isa = PBXFileReference; lastKnownFileType = sourcecode.swift; path = LocationManager.swift; sourceTree = "<group>"; };
		169D8CD3288F43C30041A36F /* CadastroViewController.swift */ = {isa = PBXFileReference; lastKnownFileType = sourcecode.swift; path = CadastroViewController.swift; sourceTree = "<group>"; };
		169D8CD5288F5B440041A36F /* AdicionarEnderecoViewController.swift */ = {isa = PBXFileReference; lastKnownFileType = sourcecode.swift; path = AdicionarEnderecoViewController.swift; sourceTree = "<group>"; };
		169D8CD7288F5F800041A36F /* AuxAdicionarEnderecoViewController.swift */ = {isa = PBXFileReference; lastKnownFileType = sourcecode.swift; path = AuxAdicionarEnderecoViewController.swift; sourceTree = "<group>"; };
		16A29CC32889B0C500AD61AF /* AcaoEscolhida.swift */ = {isa = PBXFileReference; lastKnownFileType = sourcecode.swift; path = AcaoEscolhida.swift; sourceTree = "<group>"; };
		16A29CC52889B75F00AD61AF /* DepositoViewModel.swift */ = {isa = PBXFileReference; lastKnownFileType = sourcecode.swift; path = DepositoViewModel.swift; sourceTree = "<group>"; };
		16A29CC7288A2C1600AD61AF /* AtualizaOuAdicionaDepositoViewModel.swift */ = {isa = PBXFileReference; lastKnownFileType = sourcecode.swift; path = AtualizaOuAdicionaDepositoViewModel.swift; sourceTree = "<group>"; };
		16A29CC9288A2C2900AD61AF /* AtualizaOuAdicionaUsuarioViewModel.swift */ = {isa = PBXFileReference; lastKnownFileType = sourcecode.swift; path = AtualizaOuAdicionaUsuarioViewModel.swift; sourceTree = "<group>"; };
		16A66599288C3A200011B8C4 /* LoginViewController.swift */ = {isa = PBXFileReference; lastKnownFileType = sourcecode.swift; path = LoginViewController.swift; sourceTree = "<group>"; };
		16CA4236287F42090046C98C /* NanoChallenge-6.app */ = {isa = PBXFileReference; explicitFileType = wrapper.application; includeInIndex = 0; name = "NanoChallenge-6.app"; path = "/Users/pedro_souza/Documents/Documentos - MacBook Pro de Pedro/GitHub/Nano-6/build/Debug-iphoneos/NanoChallenge-6.app"; sourceTree = "<absolute>"; };
		16CA4239287F42090046C98C /* AppDelegate.swift */ = {isa = PBXFileReference; lastKnownFileType = sourcecode.swift; path = AppDelegate.swift; sourceTree = "<group>"; };
		16CA423B287F42090046C98C /* SceneDelegate.swift */ = {isa = PBXFileReference; lastKnownFileType = sourcecode.swift; path = SceneDelegate.swift; sourceTree = "<group>"; };
		16CA423D287F42090046C98C /* MainViewController.swift */ = {isa = PBXFileReference; lastKnownFileType = sourcecode.swift; path = MainViewController.swift; sourceTree = "<group>"; };
		16CA4240287F42090046C98C /* Base */ = {isa = PBXFileReference; lastKnownFileType = file.storyboard; name = Base; path = Base.lproj/Main.storyboard; sourceTree = "<group>"; };
		16CA4242287F420C0046C98C /* Assets.xcassets */ = {isa = PBXFileReference; lastKnownFileType = folder.assetcatalog; path = Assets.xcassets; sourceTree = "<group>"; };
		16CA4245287F420C0046C98C /* Base */ = {isa = PBXFileReference; lastKnownFileType = file.storyboard; name = Base; path = Base.lproj/LaunchScreen.storyboard; sourceTree = "<group>"; };
		16CA4247287F420C0046C98C /* Info.plist */ = {isa = PBXFileReference; lastKnownFileType = text.plist.xml; path = Info.plist; sourceTree = "<group>"; };
		16CA4250287F43600046C98C /* UsuarioMD.swift */ = {isa = PBXFileReference; lastKnownFileType = sourcecode.swift; path = UsuarioMD.swift; sourceTree = "<group>"; };
		16CA4253287F47350046C98C /* DepositoMD.swift */ = {isa = PBXFileReference; lastKnownFileType = sourcecode.swift; path = DepositoMD.swift; sourceTree = "<group>"; };
		16CA42562880F9B00046C98C /* ListaDepositosTableViewCell.swift */ = {isa = PBXFileReference; lastKnownFileType = sourcecode.swift; path = ListaDepositosTableViewCell.swift; sourceTree = "<group>"; };
		16CC824C288957CD0007D3F0 /* UsuarioViewModel.swift */ = {isa = PBXFileReference; lastKnownFileType = sourcecode.swift; path = UsuarioViewModel.swift; sourceTree = "<group>"; };
		16CC824F2889591F0007D3F0 /* Constantes.swift */ = {isa = PBXFileReference; lastKnownFileType = sourcecode.swift; path = Constantes.swift; sourceTree = "<group>"; };
		16CC825128895AE70007D3F0 /* ClienteHTTP.swift */ = {isa = PBXFileReference; lastKnownFileType = sourcecode.swift; path = ClienteHTTP.swift; sourceTree = "<group>"; };
		2D989DC0C5A977E9306685A7 /* Pods-NanoChallenge-6.release.xcconfig */ = {isa = PBXFileReference; includeInIndex = 1; lastKnownFileType = text.xcconfig; name = "Pods-NanoChallenge-6.release.xcconfig"; path = "Target Support Files/Pods-NanoChallenge-6/Pods-NanoChallenge-6.release.xcconfig"; sourceTree = "<group>"; };
		5323221194C07A57E8B000C2 /* Pods_NanoChallenge_6.framework */ = {isa = PBXFileReference; explicitFileType = wrapper.framework; includeInIndex = 0; path = Pods_NanoChallenge_6.framework; sourceTree = BUILT_PRODUCTS_DIR; };
		D4ECD3B76FFE6EC46BA0C310 /* Pods-NanoChallenge-6.debug.xcconfig */ = {isa = PBXFileReference; includeInIndex = 1; lastKnownFileType = text.xcconfig; name = "Pods-NanoChallenge-6.debug.xcconfig"; path = "Target Support Files/Pods-NanoChallenge-6/Pods-NanoChallenge-6.debug.xcconfig"; sourceTree = "<group>"; };
/* End PBXFileReference section */

/* Begin PBXFrameworksBuildPhase section */
		16CA4233287F42090046C98C /* Frameworks */ = {
			isa = PBXFrameworksBuildPhase;
			buildActionMask = 2147483647;
			files = (
				A9575A3DDBB92D23749439D2 /* Pods_NanoChallenge_6.framework in Frameworks */,
			);
			runOnlyForDeploymentPostprocessing = 0;
		};
/* End PBXFrameworksBuildPhase section */

/* Begin PBXGroup section */
		1600302E2888D14C00CAFC55 /* Controllers */ = {
			isa = PBXGroup;
			children = (
				16CA42552880F96B0046C98C /* PagPrincipal */,
				16A66598288C39F90011B8C4 /* PagLogin */,
				169D8CD2288F43800041A36F /* PagCadastro */,
			);
			path = Controllers;
			sourceTree = "<group>";
		};
		169D8CD2288F43800041A36F /* PagCadastro */ = {
			isa = PBXGroup;
			children = (
				169D8CD3288F43C30041A36F /* CadastroViewController.swift */,
				169D8CD5288F5B440041A36F /* AdicionarEnderecoViewController.swift */,
				169D8CD7288F5F800041A36F /* AuxAdicionarEnderecoViewController.swift */,
				168C8C35289027C80047A85B /* LocationManager.swift */,
			);
			path = PagCadastro;
			sourceTree = "<group>";
		};
		16A66598288C39F90011B8C4 /* PagLogin */ = {
			isa = PBXGroup;
			children = (
				16A66599288C3A200011B8C4 /* LoginViewController.swift */,
			);
			path = PagLogin;
			sourceTree = "<group>";
		};
		16CA422D287F42090046C98C = {
			isa = PBXGroup;
			children = (
				16CA4238287F42090046C98C /* NanoChallenge-6 */,
				CFC91289B296F00CE9F07A1B /* Pods */,
				286206983FC325F061CC1D46 /* Frameworks */,
			);
			sourceTree = "<group>";
		};
		16CA4238287F42090046C98C /* NanoChallenge-6 */ = {
			isa = PBXGroup;
			children = (
				16CA424D287F42730046C98C /* Models */,
				16CA424E287F427F0046C98C /* Views */,
				16CA424F287F42980046C98C /* View Models */,
				1600302E2888D14C00CAFC55 /* Controllers */,
				16CC824E288959020007D3F0 /* Utilities */,
				16CA423B287F42090046C98C /* SceneDelegate.swift */,
				16CA4239287F42090046C98C /* AppDelegate.swift */,
				16CA4242287F420C0046C98C /* Assets.xcassets */,
				16CA4247287F420C0046C98C /* Info.plist */,
			);
			path = "NanoChallenge-6";
			sourceTree = "<group>";
		};
		16CA424D287F42730046C98C /* Models */ = {
			isa = PBXGroup;
			children = (
				16CA4250287F43600046C98C /* UsuarioMD.swift */,
				16CA4253287F47350046C98C /* DepositoMD.swift */,
			);
			path = Models;
			sourceTree = "<group>";
		};
		16CA424E287F427F0046C98C /* Views */ = {
			isa = PBXGroup;
			children = (
				16CA423F287F42090046C98C /* Main.storyboard */,
				16CA4244287F420C0046C98C /* LaunchScreen.storyboard */,
			);
			path = Views;
			sourceTree = "<group>";
		};
		16CA424F287F42980046C98C /* View Models */ = {
			isa = PBXGroup;
			children = (
				16CC824C288957CD0007D3F0 /* UsuarioViewModel.swift */,
				16A29CC52889B75F00AD61AF /* DepositoViewModel.swift */,
				16A29CC7288A2C1600AD61AF /* AtualizaOuAdicionaDepositoViewModel.swift */,
				16A29CC9288A2C2900AD61AF /* AtualizaOuAdicionaUsuarioViewModel.swift */,
			);
			path = "View Models";
			sourceTree = "<group>";
		};
		16CA42552880F96B0046C98C /* PagPrincipal */ = {
			isa = PBXGroup;
			children = (
				16CA423D287F42090046C98C /* MainViewController.swift */,
				16CA42562880F9B00046C98C /* ListaDepositosTableViewCell.swift */,
			);
			path = PagPrincipal;
			sourceTree = "<group>";
		};
		16CC824E288959020007D3F0 /* Utilities */ = {
			isa = PBXGroup;
			children = (
				16CC824F2889591F0007D3F0 /* Constantes.swift */,
				16CC825128895AE70007D3F0 /* ClienteHTTP.swift */,
				16A29CC32889B0C500AD61AF /* AcaoEscolhida.swift */,
			);
			path = Utilities;
			sourceTree = "<group>";
		};
		286206983FC325F061CC1D46 /* Frameworks */ = {
			isa = PBXGroup;
			children = (
				5323221194C07A57E8B000C2 /* Pods_NanoChallenge_6.framework */,
			);
			name = Frameworks;
			sourceTree = "<group>";
		};
		CFC91289B296F00CE9F07A1B /* Pods */ = {
			isa = PBXGroup;
			children = (
				D4ECD3B76FFE6EC46BA0C310 /* Pods-NanoChallenge-6.debug.xcconfig */,
				2D989DC0C5A977E9306685A7 /* Pods-NanoChallenge-6.release.xcconfig */,
			);
			name = Pods;
			path = Pods;
			sourceTree = "<group>";
		};
/* End PBXGroup section */

/* Begin PBXNativeTarget section */
		16CA4235287F42090046C98C /* NanoChallenge-6 */ = {
			isa = PBXNativeTarget;
			buildConfigurationList = 16CA424A287F420C0046C98C /* Build configuration list for PBXNativeTarget "NanoChallenge-6" */;
			buildPhases = (
				C40FBEA7AB9A7E47A58675FC /* [CP] Check Pods Manifest.lock */,
				16CA4232287F42090046C98C /* Sources */,
				16CA4233287F42090046C98C /* Frameworks */,
				16CA4234287F42090046C98C /* Resources */,
				1DDFDB9C2031134C61FAA12B /* [CP] Embed Pods Frameworks */,
			);
			buildRules = (
			);
			dependencies = (
			);
			name = "NanoChallenge-6";
			productName = "NanoChallenge-6";
			productReference = 16CA4236287F42090046C98C /* NanoChallenge-6.app */;
			productType = "com.apple.product-type.application";
		};
/* End PBXNativeTarget section */

/* Begin PBXProject section */
		16CA422E287F42090046C98C /* Project object */ = {
			isa = PBXProject;
			attributes = {
				BuildIndependentTargetsInParallel = 1;
				LastSwiftUpdateCheck = 1340;
				LastUpgradeCheck = 1340;
				TargetAttributes = {
					16CA4235287F42090046C98C = {
						CreatedOnToolsVersion = 13.4.1;
					};
				};
			};
			buildConfigurationList = 16CA4231287F42090046C98C /* Build configuration list for PBXProject "NanoChallenge-6" */;
			compatibilityVersion = "Xcode 13.0";
			developmentRegion = en;
			hasScannedForEncodings = 0;
			knownRegions = (
				en,
				Base,
			);
			mainGroup = 16CA422D287F42090046C98C;
			productRefGroup = 16CA422D287F42090046C98C;
			projectDirPath = "";
			projectRoot = "";
			targets = (
				16CA4235287F42090046C98C /* NanoChallenge-6 */,
			);
		};
/* End PBXProject section */

/* Begin PBXResourcesBuildPhase section */
		16CA4234287F42090046C98C /* Resources */ = {
			isa = PBXResourcesBuildPhase;
			buildActionMask = 2147483647;
			files = (
				16CA4246287F420C0046C98C /* LaunchScreen.storyboard in Resources */,
				16CA4243287F420C0046C98C /* Assets.xcassets in Resources */,
				16CA4241287F42090046C98C /* Main.storyboard in Resources */,
			);
			runOnlyForDeploymentPostprocessing = 0;
		};
/* End PBXResourcesBuildPhase section */

/* Begin PBXShellScriptBuildPhase section */
		1DDFDB9C2031134C61FAA12B /* [CP] Embed Pods Frameworks */ = {
			isa = PBXShellScriptBuildPhase;
			buildActionMask = 2147483647;
			files = (
			);
			inputFileListPaths = (
				"${PODS_ROOT}/Target Support Files/Pods-NanoChallenge-6/Pods-NanoChallenge-6-frameworks-${CONFIGURATION}-input-files.xcfilelist",
			);
			name = "[CP] Embed Pods Frameworks";
			outputFileListPaths = (
				"${PODS_ROOT}/Target Support Files/Pods-NanoChallenge-6/Pods-NanoChallenge-6-frameworks-${CONFIGURATION}-output-files.xcfilelist",
			);
			runOnlyForDeploymentPostprocessing = 0;
			shellPath = /bin/sh;
			shellScript = "\"${PODS_ROOT}/Target Support Files/Pods-NanoChallenge-6/Pods-NanoChallenge-6-frameworks.sh\"\n";
			showEnvVarsInLog = 0;
		};
		C40FBEA7AB9A7E47A58675FC /* [CP] Check Pods Manifest.lock */ = {
			isa = PBXShellScriptBuildPhase;
			buildActionMask = 2147483647;
			files = (
			);
			inputFileListPaths = (
			);
			inputPaths = (
				"${PODS_PODFILE_DIR_PATH}/Podfile.lock",
				"${PODS_ROOT}/Manifest.lock",
			);
			name = "[CP] Check Pods Manifest.lock";
			outputFileListPaths = (
			);
			outputPaths = (
				"$(DERIVED_FILE_DIR)/Pods-NanoChallenge-6-checkManifestLockResult.txt",
			);
			runOnlyForDeploymentPostprocessing = 0;
			shellPath = /bin/sh;
			shellScript = "diff \"${PODS_PODFILE_DIR_PATH}/Podfile.lock\" \"${PODS_ROOT}/Manifest.lock\" > /dev/null\nif [ $? != 0 ] ; then\n    # print error to STDERR\n    echo \"error: The sandbox is not in sync with the Podfile.lock. Run 'pod install' or update your CocoaPods installation.\" >&2\n    exit 1\nfi\n# This output is used by Xcode 'outputs' to avoid re-running this script phase.\necho \"SUCCESS\" > \"${SCRIPT_OUTPUT_FILE_0}\"\n";
			showEnvVarsInLog = 0;
		};
/* End PBXShellScriptBuildPhase section */

/* Begin PBXSourcesBuildPhase section */
		16CA4232287F42090046C98C /* Sources */ = {
			isa = PBXSourcesBuildPhase;
			buildActionMask = 2147483647;
			files = (
				16A6659A288C3A200011B8C4 /* LoginViewController.swift in Sources */,
				16CC824D288957CD0007D3F0 /* UsuarioViewModel.swift in Sources */,
				16A29CC62889B75F00AD61AF /* DepositoViewModel.swift in Sources */,
				16CC825228895AE70007D3F0 /* ClienteHTTP.swift in Sources */,
				16CA423E287F42090046C98C /* MainViewController.swift in Sources */,
				16A29CCA288A2C2900AD61AF /* AtualizaOuAdicionaUsuarioViewModel.swift in Sources */,
				16CA423A287F42090046C98C /* AppDelegate.swift in Sources */,
				16CA42572880F9B00046C98C /* ListaDepositosTableViewCell.swift in Sources */,
				168C8C36289027C80047A85B /* LocationManager.swift in Sources */,
				16A29CC42889B0C500AD61AF /* AcaoEscolhida.swift in Sources */,
				169D8CD8288F5F800041A36F /* AuxAdicionarEnderecoViewController.swift in Sources */,
				16CA423C287F42090046C98C /* SceneDelegate.swift in Sources */,
				16CA4254287F47350046C98C /* DepositoMD.swift in Sources */,
				169D8CD4288F43C30041A36F /* CadastroViewController.swift in Sources */,
				16CA4251287F43600046C98C /* UsuarioMD.swift in Sources */,
				16A29CC8288A2C1600AD61AF /* AtualizaOuAdicionaDepositoViewModel.swift in Sources */,
				169D8CD6288F5B440041A36F /* AdicionarEnderecoViewController.swift in Sources */,
				16CC82502889591F0007D3F0 /* Constantes.swift in Sources */,
			);
			runOnlyForDeploymentPostprocessing = 0;
		};
/* End PBXSourcesBuildPhase section */

/* Begin PBXVariantGroup section */
		16CA423F287F42090046C98C /* Main.storyboard */ = {
			isa = PBXVariantGroup;
			children = (
				16CA4240287F42090046C98C /* Base */,
			);
			name = Main.storyboard;
			sourceTree = "<group>";
		};
		16CA4244287F420C0046C98C /* LaunchScreen.storyboard */ = {
			isa = PBXVariantGroup;
			children = (
				16CA4245287F420C0046C98C /* Base */,
			);
			name = LaunchScreen.storyboard;
			sourceTree = "<group>";
		};
/* End PBXVariantGroup section */

/* Begin XCBuildConfiguration section */
		16CA4248287F420C0046C98C /* Debug */ = {
			isa = XCBuildConfiguration;
			buildSettings = {
				ALWAYS_SEARCH_USER_PATHS = NO;
				CLANG_ANALYZER_NONNULL = YES;
				CLANG_ANALYZER_NUMBER_OBJECT_CONVERSION = YES_AGGRESSIVE;
				CLANG_CXX_LANGUAGE_STANDARD = "gnu++17";
				CLANG_ENABLE_MODULES = YES;
				CLANG_ENABLE_OBJC_ARC = YES;
				CLANG_ENABLE_OBJC_WEAK = YES;
				CLANG_WARN_BLOCK_CAPTURE_AUTORELEASING = YES;
				CLANG_WARN_BOOL_CONVERSION = YES;
				CLANG_WARN_COMMA = YES;
				CLANG_WARN_CONSTANT_CONVERSION = YES;
				CLANG_WARN_DEPRECATED_OBJC_IMPLEMENTATIONS = YES;
				CLANG_WARN_DIRECT_OBJC_ISA_USAGE = YES_ERROR;
				CLANG_WARN_DOCUMENTATION_COMMENTS = YES;
				CLANG_WARN_EMPTY_BODY = YES;
				CLANG_WARN_ENUM_CONVERSION = YES;
				CLANG_WARN_INFINITE_RECURSION = YES;
				CLANG_WARN_INT_CONVERSION = YES;
				CLANG_WARN_NON_LITERAL_NULL_CONVERSION = YES;
				CLANG_WARN_OBJC_IMPLICIT_RETAIN_SELF = YES;
				CLANG_WARN_OBJC_LITERAL_CONVERSION = YES;
				CLANG_WARN_OBJC_ROOT_CLASS = YES_ERROR;
				CLANG_WARN_QUOTED_INCLUDE_IN_FRAMEWORK_HEADER = YES;
				CLANG_WARN_RANGE_LOOP_ANALYSIS = YES;
				CLANG_WARN_STRICT_PROTOTYPES = YES;
				CLANG_WARN_SUSPICIOUS_MOVE = YES;
				CLANG_WARN_UNGUARDED_AVAILABILITY = YES_AGGRESSIVE;
				CLANG_WARN_UNREACHABLE_CODE = YES;
				CLANG_WARN__DUPLICATE_METHOD_MATCH = YES;
				COPY_PHASE_STRIP = NO;
				DEBUG_INFORMATION_FORMAT = dwarf;
				ENABLE_STRICT_OBJC_MSGSEND = YES;
				ENABLE_TESTABILITY = YES;
				GCC_C_LANGUAGE_STANDARD = gnu11;
				GCC_DYNAMIC_NO_PIC = NO;
				GCC_NO_COMMON_BLOCKS = YES;
				GCC_OPTIMIZATION_LEVEL = 0;
				GCC_PREPROCESSOR_DEFINITIONS = (
					"DEBUG=1",
					"$(inherited)",
				);
				GCC_WARN_64_TO_32_BIT_CONVERSION = YES;
				GCC_WARN_ABOUT_RETURN_TYPE = YES_ERROR;
				GCC_WARN_UNDECLARED_SELECTOR = YES;
				GCC_WARN_UNINITIALIZED_AUTOS = YES_AGGRESSIVE;
				GCC_WARN_UNUSED_FUNCTION = YES;
				GCC_WARN_UNUSED_VARIABLE = YES;
				IPHONEOS_DEPLOYMENT_TARGET = 15.5;
				MTL_ENABLE_DEBUG_INFO = INCLUDE_SOURCE;
				MTL_FAST_MATH = YES;
				ONLY_ACTIVE_ARCH = YES;
				SDKROOT = iphoneos;
				SWIFT_ACTIVE_COMPILATION_CONDITIONS = DEBUG;
				SWIFT_OPTIMIZATION_LEVEL = "-Onone";
			};
			name = Debug;
		};
		16CA4249287F420C0046C98C /* Release */ = {
			isa = XCBuildConfiguration;
			buildSettings = {
				ALWAYS_SEARCH_USER_PATHS = NO;
				CLANG_ANALYZER_NONNULL = YES;
				CLANG_ANALYZER_NUMBER_OBJECT_CONVERSION = YES_AGGRESSIVE;
				CLANG_CXX_LANGUAGE_STANDARD = "gnu++17";
				CLANG_ENABLE_MODULES = YES;
				CLANG_ENABLE_OBJC_ARC = YES;
				CLANG_ENABLE_OBJC_WEAK = YES;
				CLANG_WARN_BLOCK_CAPTURE_AUTORELEASING = YES;
				CLANG_WARN_BOOL_CONVERSION = YES;
				CLANG_WARN_COMMA = YES;
				CLANG_WARN_CONSTANT_CONVERSION = YES;
				CLANG_WARN_DEPRECATED_OBJC_IMPLEMENTATIONS = YES;
				CLANG_WARN_DIRECT_OBJC_ISA_USAGE = YES_ERROR;
				CLANG_WARN_DOCUMENTATION_COMMENTS = YES;
				CLANG_WARN_EMPTY_BODY = YES;
				CLANG_WARN_ENUM_CONVERSION = YES;
				CLANG_WARN_INFINITE_RECURSION = YES;
				CLANG_WARN_INT_CONVERSION = YES;
				CLANG_WARN_NON_LITERAL_NULL_CONVERSION = YES;
				CLANG_WARN_OBJC_IMPLICIT_RETAIN_SELF = YES;
				CLANG_WARN_OBJC_LITERAL_CONVERSION = YES;
				CLANG_WARN_OBJC_ROOT_CLASS = YES_ERROR;
				CLANG_WARN_QUOTED_INCLUDE_IN_FRAMEWORK_HEADER = YES;
				CLANG_WARN_RANGE_LOOP_ANALYSIS = YES;
				CLANG_WARN_STRICT_PROTOTYPES = YES;
				CLANG_WARN_SUSPICIOUS_MOVE = YES;
				CLANG_WARN_UNGUARDED_AVAILABILITY = YES_AGGRESSIVE;
				CLANG_WARN_UNREACHABLE_CODE = YES;
				CLANG_WARN__DUPLICATE_METHOD_MATCH = YES;
				COPY_PHASE_STRIP = NO;
				DEBUG_INFORMATION_FORMAT = "dwarf-with-dsym";
				ENABLE_NS_ASSERTIONS = NO;
				ENABLE_STRICT_OBJC_MSGSEND = YES;
				GCC_C_LANGUAGE_STANDARD = gnu11;
				GCC_NO_COMMON_BLOCKS = YES;
				GCC_WARN_64_TO_32_BIT_CONVERSION = YES;
				GCC_WARN_ABOUT_RETURN_TYPE = YES_ERROR;
				GCC_WARN_UNDECLARED_SELECTOR = YES;
				GCC_WARN_UNINITIALIZED_AUTOS = YES_AGGRESSIVE;
				GCC_WARN_UNUSED_FUNCTION = YES;
				GCC_WARN_UNUSED_VARIABLE = YES;
				IPHONEOS_DEPLOYMENT_TARGET = 15.5;
				MTL_ENABLE_DEBUG_INFO = NO;
				MTL_FAST_MATH = YES;
				SDKROOT = iphoneos;
				SWIFT_COMPILATION_MODE = wholemodule;
				SWIFT_OPTIMIZATION_LEVEL = "-O";
				VALIDATE_PRODUCT = YES;
			};
			name = Release;
		};
		16CA424B287F420C0046C98C /* Debug */ = {
			isa = XCBuildConfiguration;
			baseConfigurationReference = D4ECD3B76FFE6EC46BA0C310 /* Pods-NanoChallenge-6.debug.xcconfig */;
			buildSettings = {
				ASSETCATALOG_COMPILER_APPICON_NAME = AppIcon;
				ASSETCATALOG_COMPILER_GLOBAL_ACCENT_COLOR_NAME = AccentColor;
				CODE_SIGN_STYLE = Automatic;
				CURRENT_PROJECT_VERSION = 1;
				GENERATE_INFOPLIST_FILE = YES;
				INFOPLIST_FILE = "NanoChallenge-6/Info.plist";
				INFOPLIST_KEY_UIApplicationSupportsIndirectInputEvents = YES;
				INFOPLIST_KEY_UILaunchStoryboardName = LaunchScreen;
				INFOPLIST_KEY_UIMainStoryboardFile = Main;
				INFOPLIST_KEY_UISupportedInterfaceOrientations_iPad = "UIInterfaceOrientationPortrait UIInterfaceOrientationPortraitUpsideDown UIInterfaceOrientationLandscapeLeft UIInterfaceOrientationLandscapeRight";
				INFOPLIST_KEY_UISupportedInterfaceOrientations_iPhone = "UIInterfaceOrientationPortrait UIInterfaceOrientationLandscapeLeft UIInterfaceOrientationLandscapeRight";
				LD_RUNPATH_SEARCH_PATHS = (
					"$(inherited)",
					"@executable_path/Frameworks",
				);
				MARKETING_VERSION = 1.0;
				PRODUCT_BUNDLE_IDENTIFIER = "com.codeWithPedroHemmel.NanoChallenge-6";
				PRODUCT_NAME = "$(TARGET_NAME)";
				SWIFT_EMIT_LOC_STRINGS = YES;
				SWIFT_VERSION = 5.0;
				TARGETED_DEVICE_FAMILY = "1,2";
			};
			name = Debug;
		};
		16CA424C287F420C0046C98C /* Release */ = {
			isa = XCBuildConfiguration;
			baseConfigurationReference = 2D989DC0C5A977E9306685A7 /* Pods-NanoChallenge-6.release.xcconfig */;
			buildSettings = {
				ASSETCATALOG_COMPILER_APPICON_NAME = AppIcon;
				ASSETCATALOG_COMPILER_GLOBAL_ACCENT_COLOR_NAME = AccentColor;
				CODE_SIGN_STYLE = Automatic;
				CURRENT_PROJECT_VERSION = 1;
				GENERATE_INFOPLIST_FILE = YES;
				INFOPLIST_FILE = "NanoChallenge-6/Info.plist";
				INFOPLIST_KEY_UIApplicationSupportsIndirectInputEvents = YES;
				INFOPLIST_KEY_UILaunchStoryboardName = LaunchScreen;
				INFOPLIST_KEY_UIMainStoryboardFile = Main;
				INFOPLIST_KEY_UISupportedInterfaceOrientations_iPad = "UIInterfaceOrientationPortrait UIInterfaceOrientationPortraitUpsideDown UIInterfaceOrientationLandscapeLeft UIInterfaceOrientationLandscapeRight";
				INFOPLIST_KEY_UISupportedInterfaceOrientations_iPhone = "UIInterfaceOrientationPortrait UIInterfaceOrientationLandscapeLeft UIInterfaceOrientationLandscapeRight";
				LD_RUNPATH_SEARCH_PATHS = (
					"$(inherited)",
					"@executable_path/Frameworks",
				);
				MARKETING_VERSION = 1.0;
				PRODUCT_BUNDLE_IDENTIFIER = "com.codeWithPedroHemmel.NanoChallenge-6";
				PRODUCT_NAME = "$(TARGET_NAME)";
				SWIFT_EMIT_LOC_STRINGS = YES;
				SWIFT_VERSION = 5.0;
				TARGETED_DEVICE_FAMILY = "1,2";
			};
			name = Release;
		};
/* End XCBuildConfiguration section */

/* Begin XCConfigurationList section */
		16CA4231287F42090046C98C /* Build configuration list for PBXProject "NanoChallenge-6" */ = {
			isa = XCConfigurationList;
			buildConfigurations = (
				16CA4248287F420C0046C98C /* Debug */,
				16CA4249287F420C0046C98C /* Release */,
			);
			defaultConfigurationIsVisible = 0;
			defaultConfigurationName = Release;
		};
		16CA424A287F420C0046C98C /* Build configuration list for PBXNativeTarget "NanoChallenge-6" */ = {
			isa = XCConfigurationList;
			buildConfigurations = (
				16CA424B287F420C0046C98C /* Debug */,
				16CA424C287F420C0046C98C /* Release */,
			);
			defaultConfigurationIsVisible = 0;
			defaultConfigurationName = Release;
		};
/* End XCConfigurationList section */
	};
	rootObject = 16CA422E287F42090046C98C /* Project object */;
}
